<?xml version="1.0" encoding="utf-8"?>
<Project ToolsVersion="4.0" xmlns="http://schemas.microsoft.com/developer/msbuild/2003">
  <ItemGroup>
    <Filter Include="源文件">
      <UniqueIdentifier>{4FC737F1-C7A5-4376-A066-2A32D752A2FF}</UniqueIdentifier>
      <Extensions>cpp;c;cc;cxx;c++;cppm;ixx;def;odl;idl;hpj;bat;asm;asmx</Extensions>
    </Filter>
    <Filter Include="头文件">
      <UniqueIdentifier>{93995380-89BD-4b04-88EB-625FBE52EBFB}</UniqueIdentifier>
      <Extensions>h;hh;hpp;hxx;h++;hm;inl;inc;ipp;xsd</Extensions>
    </Filter>
    <Filter Include="资源文件">
      <UniqueIdentifier>{67DA6AB6-F800-4c08-8B7A-83BB121AAD01}</UniqueIdentifier>
      <Extensions>rc;ico;cur;bmp;dlg;rc2;rct;bin;rgs;gif;jpg;jpeg;jpe;resx;tiff;tif;png;wav;mfcribbon-ms</Extensions>
    </Filter>
  </ItemGroup>
  <ItemGroup>
    <ClCompile Include="01C++helloworld.cpp">
      <Filter>源文件</Filter>
    </ClCompile>
    <ClCompile Include="03 变量.cpp">
      <Filter>源文件</Filter>
    </ClCompile>
    <ClCompile Include="04 常量.cpp">
      <Filter>源文件</Filter>
    </ClCompile>
    <ClCompile Include="08sizeof关键字.cpp">
      <Filter>源文件</Filter>
    </ClCompile>
    <ClCompile Include="09浮点型.cpp">
      <Filter>源文件</Filter>
    </ClCompile>
    <ClCompile Include="10字符型.cpp">
      <Filter>源文件</Filter>
    </ClCompile>
    <ClCompile Include="11转义字符.cpp">
      <Filter>源文件</Filter>
    </ClCompile>
    <ClCompile Include="12字符串型.cpp">
      <Filter>源文件</Filter>
    </ClCompile>
    <ClCompile Include="13布尔类型.cpp">
      <Filter>源文件</Filter>
    </ClCompile>
    <ClCompile Include="14数据输入.cpp">
      <Filter>源文件</Filter>
    </ClCompile>
    <ClCompile Include="15算法运算符.cpp">
      <Filter>源文件</Filter>
    </ClCompile>
    <ClCompile Include="18赋值运算符.cpp">
      <Filter>源文件</Filter>
    </ClCompile>
    <ClCompile Include="19比较运算符.cpp">
      <Filter>源文件</Filter>
    </ClCompile>
    <ClCompile Include="20逻辑运算符.cpp">
      <Filter>源文件</Filter>
    </ClCompile>
    <ClCompile Include="23选择结构if语句.cpp">
      <Filter>源文件</Filter>
    </ClCompile>
    <ClCompile Include="28选择结构三目运算符.cpp">
      <Filter>源文件</Filter>
    </ClCompile>
    <ClCompile Include="29选择结构switch语句.cpp">
      <Filter>源文件</Filter>
    </ClCompile>
    <ClCompile Include="30循环结构while语句.cpp">
      <Filter>源文件</Filter>
    </ClCompile>
    <ClCompile Include="31猜数字循环示例.cpp">
      <Filter>源文件</Filter>
    </ClCompile>
    <ClCompile Include="32循环结构dowhile语句.cpp">
      <Filter>源文件</Filter>
    </ClCompile>
    <ClCompile Include="34循环结构for语句.cpp">
      <Filter>源文件</Filter>
    </ClCompile>
    <ClCompile Include="36循环结构嵌套循环.cpp">
      <Filter>源文件</Filter>
    </ClCompile>
    <ClCompile Include="38跳转语句break-continue.cpp">
      <Filter>源文件</Filter>
    </ClCompile>
    <ClCompile Include="37乘法口诀表示例.cpp">
      <Filter>源文件</Filter>
    </ClCompile>
    <ClCompile Include="40跳转语句goto.cpp">
      <Filter>源文件</Filter>
    </ClCompile>
    <ClCompile Include="41数组一维数组.cpp">
      <Filter>源文件</Filter>
    </ClCompile>
    <ClCompile Include="44元素逆置示例.cpp">
      <Filter>源文件</Filter>
    </ClCompile>
  </ItemGroup>
</Project>